lockfileVersion: '9.0'

settings:
  autoInstallPeers: true
  excludeLinksFromLockfile: false

importers:

  .:
    devDependencies:
      '@elm-tooling/tree-sitter-elm':
        specifier: 5.7.0
        version: 5.7.0
      '@supercharge/promise-pool':
        specifier: ^3.1.1
        version: 3.2.0
      '@types/find-root':
        specifier: ^1.1.4
        version: 1.1.4
      '@types/node':
        specifier: ^20.14.0
        version: 20.17.12
      find-root:
        specifier: ^1.1.0
        version: 1.1.0
      tree-sitter:
        specifier: ^0.21.1
        version: 0.21.1
      tree-sitter-agda:
        specifier: github:tree-sitter/tree-sitter-agda#47802091de0cb8ac2533d67ac37e65692c5902c4
        version: https://codeload.github.com/tree-sitter/tree-sitter-agda/tar.gz/47802091de0cb8ac2533d67ac37e65692c5902c4(tree-sitter@0.21.1)
      tree-sitter-bash:
        specifier: github:tree-sitter/tree-sitter-bash#2fbd860f802802ca76a6661ce025b3a3bca2d3ed
        version: https://codeload.github.com/tree-sitter/tree-sitter-bash/tar.gz/2fbd860f802802ca76a6661ce025b3a3bca2d3ed(tree-sitter@0.21.1)
      tree-sitter-c:
        specifier: github:tree-sitter/tree-sitter-c#deca017a554045b4c203e7ddff39ae64ff05e071
        version: https://codeload.github.com/tree-sitter/tree-sitter-c/tar.gz/deca017a554045b4c203e7ddff39ae64ff05e071(tree-sitter@0.21.1)
      tree-sitter-c-sharp:
        specifier: 0.19.0
        version: 0.19.0
      tree-sitter-cli:
        specifier: ^0.24.7
        version: 0.24.7
      tree-sitter-clojure:
        specifier: github:sogaiu/tree-sitter-clojure#f4236d4da8aa92bc105d9c118746474c608e6af7
        version: https://codeload.github.com/sogaiu/tree-sitter-clojure/tar.gz/f4236d4da8aa92bc105d9c118746474c608e6af7
      tree-sitter-cpp:
        specifier: github:tree-sitter/tree-sitter-cpp#9d412ba7e597fe158f209da33e60f31b1f0df967
        version: https://codeload.github.com/tree-sitter/tree-sitter-cpp/tar.gz/9d412ba7e597fe158f209da33e60f31b1f0df967(tree-sitter@0.21.1)
      tree-sitter-css:
        specifier: 0.19.0
        version: 0.19.0
      tree-sitter-dart:
        specifier: github:UserNobody14/tree-sitter-dart#9ac03bb2154316624fb4c41fe0f372a5f1597b43
        version: https://codeload.github.com/UserNobody14/tree-sitter-dart/tar.gz/9ac03bb2154316624fb4c41fe0f372a5f1597b43(tree-sitter@0.21.1)
      tree-sitter-elixir:
        specifier: github:elixir-lang/tree-sitter-elixir#02a6f7fd4be28dd94ee4dd2ca19cb777053ea74e
        version: https://codeload.github.com/elixir-lang/tree-sitter-elixir/tar.gz/02a6f7fd4be28dd94ee4dd2ca19cb777053ea74e(tree-sitter@0.21.1)
      tree-sitter-gleam:
        specifier: github:gleam-lang/tree-sitter-gleam#2012f294baacf30e7a62414754021284377366c6
        version: https://codeload.github.com/gleam-lang/tree-sitter-gleam/tar.gz/2012f294baacf30e7a62414754021284377366c6
      tree-sitter-go:
        specifier: github:tree-sitter/tree-sitter-go#bbaa67a180cfe0c943e50c55130918be8efb20bd
        version: https://codeload.github.com/tree-sitter/tree-sitter-go/tar.gz/bbaa67a180cfe0c943e50c55130918be8efb20bd
      tree-sitter-haskell:
        specifier: github:tree-sitter/tree-sitter-haskell#a50070d5bb5bd5c1281740a6102ecf1f4b0c4f19
        version: https://codeload.github.com/tree-sitter/tree-sitter-haskell/tar.gz/a50070d5bb5bd5c1281740a6102ecf1f4b0c4f19(tree-sitter@0.21.1)
      tree-sitter-hcl:
        specifier: github:tree-sitter-grammars/tree-sitter-hcl#e135399cb31b95fac0760b094556d1d5ce84acf0
        version: https://codeload.github.com/tree-sitter-grammars/tree-sitter-hcl/tar.gz/e135399cb31b95fac0760b094556d1d5ce84acf0
      tree-sitter-html:
        specifier: github:tree-sitter/tree-sitter-html#e4d834eb4918df01dcad5c27d1b15d56e3bd94cd
        version: https://codeload.github.com/tree-sitter/tree-sitter-html/tar.gz/e4d834eb4918df01dcad5c27d1b15d56e3bd94cd(tree-sitter@0.21.1)
      tree-sitter-java:
        specifier: github:tree-sitter/tree-sitter-java#ac14b4b1884102839455d32543ab6d53ae089ab7
        version: https://codeload.github.com/tree-sitter/tree-sitter-java/tar.gz/ac14b4b1884102839455d32543ab6d53ae089ab7
      tree-sitter-javascript:
        specifier: github:tree-sitter/tree-sitter-javascript#391a8fcc48a11f63bf18ec9885f6f069e760949a
        version: https://codeload.github.com/tree-sitter/tree-sitter-javascript/tar.gz/391a8fcc48a11f63bf18ec9885f6f069e760949a(tree-sitter@0.21.1)
      tree-sitter-json:
        specifier: github:tree-sitter/tree-sitter-json#94f5c527b2965465956c2000ed6134dd24daf2a7
        version: https://codeload.github.com/tree-sitter/tree-sitter-json/tar.gz/94f5c527b2965465956c2000ed6134dd24daf2a7(tree-sitter@0.21.1)
      tree-sitter-kotlin:
        specifier: github:fwcd/tree-sitter-kotlin#76f53c48d29e8588934fb55b0240d7bdfe00bfe5
        version: https://codeload.github.com/fwcd/tree-sitter-kotlin/tar.gz/76f53c48d29e8588934fb55b0240d7bdfe00bfe5(tree-sitter@0.21.1)
      tree-sitter-latex:
        specifier: github:latex-lsp/tree-sitter-latex#a6c812704b3d3e1541b0853aa0d6d561301320e1
        version: '@pfoerster/tree-sitter-latex@https://codeload.github.com/latex-lsp/tree-sitter-latex/tar.gz/a6c812704b3d3e1541b0853aa0d6d561301320e1'
      tree-sitter-lua:
        specifier: github:tree-sitter-grammars/tree-sitter-lua#9668709211b2e683f27f414454a8b51bf0a6bda1
        version: '@muniftanjim/tree-sitter-lua@https://codeload.github.com/tree-sitter-grammars/tree-sitter-lua/tar.gz/9668709211b2e683f27f414454a8b51bf0a6bda1'
      tree-sitter-markdown:
        specifier: github:tree-sitter-grammars/tree-sitter-markdown#192407ab5a24bfc24f13332979b5e7967518754a
        version: '@tree-sitter-grammars/tree-sitter-markdown@https://codeload.github.com/tree-sitter-grammars/tree-sitter-markdown/tar.gz/192407ab5a24bfc24f13332979b5e7967518754a(tree-sitter@0.21.1)'
      tree-sitter-nix:
        specifier: github:nix-community/tree-sitter-nix#66e3e9ce9180ae08fc57372061006ef83f0abde7
        version: https://codeload.github.com/nix-community/tree-sitter-nix/tar.gz/66e3e9ce9180ae08fc57372061006ef83f0abde7
      tree-sitter-perl:
        specifier: github:ganezdragon/tree-sitter-perl#8d48b29910d2094cb1fc5c9c4ed8917c26b907de
        version: '@ganezdragon/tree-sitter-perl@https://codeload.github.com/ganezdragon/tree-sitter-perl/tar.gz/8d48b29910d2094cb1fc5c9c4ed8917c26b907de(tree-sitter@0.21.1)'
      tree-sitter-php:
        specifier: github:tree-sitter/tree-sitter-php#f7cf7348737d8cff1b13407a0bfedce02ee7b046
        version: https://codeload.github.com/tree-sitter/tree-sitter-php/tar.gz/f7cf7348737d8cff1b13407a0bfedce02ee7b046(tree-sitter@0.21.1)
      tree-sitter-python:
        specifier: github:tree-sitter/tree-sitter-python#71778c2a472ed00a64abf4219544edbf8e4b86d7
        version: https://codeload.github.com/tree-sitter/tree-sitter-python/tar.gz/71778c2a472ed00a64abf4219544edbf8e4b86d7(tree-sitter@0.21.1)
      tree-sitter-query:
        specifier: github:tree-sitter-grammars/tree-sitter-query#930202c2a80965a7a9ca018b5b2a08b25dfa7f12
        version: https://codeload.github.com/tree-sitter-grammars/tree-sitter-query/tar.gz/930202c2a80965a7a9ca018b5b2a08b25dfa7f12(tree-sitter@0.21.1)
      tree-sitter-ruby:
        specifier: github:tree-sitter/tree-sitter-ruby#dc2d7d6b50f9975bc3c35bbec0ba11b2617b736b
        version: https://codeload.github.com/tree-sitter/tree-sitter-ruby/tar.gz/dc2d7d6b50f9975bc3c35bbec0ba11b2617b736b(tree-sitter@0.21.1)
      tree-sitter-rust:
        specifier: github:tree-sitter/tree-sitter-rust#36ae187ed6dd3803a8a89dbb54f3124c8ee74662
        version: https://codeload.github.com/tree-sitter/tree-sitter-rust/tar.gz/36ae187ed6dd3803a8a89dbb54f3124c8ee74662
      tree-sitter-scala:
        specifier: 0.23.4
        version: 0.23.4(tree-sitter@0.21.1)
      tree-sitter-scss:
        specifier: github:serenadeai/tree-sitter-scss#c478c6868648eff49eb04a4df90d703dc45b312a
        version: https://codeload.github.com/serenadeai/tree-sitter-scss/tar.gz/c478c6868648eff49eb04a4df90d703dc45b312a
      tree-sitter-sparql:
        specifier: 0.1.0
        version: 0.1.0
      tree-sitter-swift:
        specifier: github:alex-pinkus/tree-sitter-swift#7e4ccc97a25315022a70b730085deccd5680a39b
        version: https://codeload.github.com/alex-pinkus/tree-sitter-swift/tar.gz/7e4ccc97a25315022a70b730085deccd5680a39b
      tree-sitter-talon:
        specifier: github:pokey/tree-sitter-talon#f69923ea2490530babe105f0a36434e4a23e127e
        version: https://codeload.github.com/pokey/tree-sitter-talon/tar.gz/f69923ea2490530babe105f0a36434e4a23e127e(tree-sitter@0.21.1)
      tree-sitter-typescript:
        specifier: github:tree-sitter/tree-sitter-typescript#4ad3010c91d700026d036b5230e2d99ba94ae8a4
        version: https://codeload.github.com/tree-sitter/tree-sitter-typescript/tar.gz/4ad3010c91d700026d036b5230e2d99ba94ae8a4(tree-sitter@0.21.1)
      tree-sitter-xml:
        specifier: github:tree-sitter-grammars/tree-sitter-xml#648183d86f6f8ffb240ea11b4c6873f6f45d8b67
        version: '@tree-sitter-grammars/tree-sitter-xml@https://codeload.github.com/tree-sitter-grammars/tree-sitter-xml/tar.gz/648183d86f6f8ffb240ea11b4c6873f6f45d8b67(tree-sitter@0.21.1)'
      tree-sitter-yaml:
        specifier: github:tree-sitter-grammars/tree-sitter-yaml#7b03feefd36b5f155465ca736c6304aca983b267
        version: '@tree-sitter-grammars/tree-sitter-yaml@https://codeload.github.com/tree-sitter-grammars/tree-sitter-yaml/tar.gz/7b03feefd36b5f155465ca736c6304aca983b267(tree-sitter@0.21.1)'
      ts-node:
        specifier: ^10.9.2
        version: 10.9.2(@types/node@20.17.12)(typescript@5.7.3)
      typescript:
        specifier: ^5.7.3
        version: 5.7.3

packages:

  '@cspotcode/source-map-support@0.8.1':
    resolution: {integrity: sha512-IchNf6dN4tHoMFIn/7OE8LWZ19Y6q/67Bmf6vnGREv8RSbBVb9LPJxEcnwrcwX6ixSvaiGoomAUvu4YSxXrVgw==}
    engines: {node: '>=12'}

  '@elm-tooling/tree-sitter-elm@5.7.0':
    resolution: {integrity: sha512-ezKHIczyZx6bFtktLFRPbvW/7LzL0XdI1Y5OoxkNaSrfh2m0Bm8yilbB4Hya4VQN7mJktXhhzAMGab8nKm/2Bw==}

  '@ganezdragon/tree-sitter-perl@https://codeload.github.com/ganezdragon/tree-sitter-perl/tar.gz/8d48b29910d2094cb1fc5c9c4ed8917c26b907de':
    resolution: {tarball: https://codeload.github.com/ganezdragon/tree-sitter-perl/tar.gz/8d48b29910d2094cb1fc5c9c4ed8917c26b907de}
    version: 1.1.1
    engines: {node: '>=16.14.2'}
    peerDependencies:
      tree-sitter: ^0.21.0
      tree_sitter: '*'
    peerDependenciesMeta:
      tree_sitter:
        optional: true

  '@jridgewell/resolve-uri@3.1.2':
    resolution: {integrity: sha512-bRISgCIjP20/tbWSPWMEi54QVPRZExkuD9lJL+UIxUKtwVJA8wW1Trb1jMs1RFXo1CBTNZ/5hpC9QvmKWdopKw==}
    engines: {node: '>=6.0.0'}

  '@jridgewell/sourcemap-codec@1.5.0':
    resolution: {integrity: sha512-gv3ZRaISU3fjPAgNsriBRqGWQL6quFx04YMPW/zD8XMLsU32mhCCbfbO6KZFLjvYpCZ8zyDEgqsgf+PwPaM7GQ==}

  '@jridgewell/trace-mapping@0.3.9':
    resolution: {integrity: sha512-3Belt6tdc8bPgAtbcmdtNJlirVoTmEb5e2gC94PnkwEW9jI6CAHUeoG85tjWP5WquqfavoMtMwiG4P926ZKKuQ==}

  '@muniftanjim/tree-sitter-lua@https://codeload.github.com/tree-sitter-grammars/tree-sitter-lua/tar.gz/9668709211b2e683f27f414454a8b51bf0a6bda1':
    resolution: {tarball: https://codeload.github.com/tree-sitter-grammars/tree-sitter-lua/tar.gz/9668709211b2e683f27f414454a8b51bf0a6bda1}
    version: 0.0.19

  '@pfoerster/tree-sitter-latex@https://codeload.github.com/latex-lsp/tree-sitter-latex/tar.gz/a6c812704b3d3e1541b0853aa0d6d561301320e1':
    resolution: {tarball: https://codeload.github.com/latex-lsp/tree-sitter-latex/tar.gz/a6c812704b3d3e1541b0853aa0d6d561301320e1}
    version: 0.3.0

  '@supercharge/promise-pool@3.2.0':
    resolution: {integrity: sha512-pj0cAALblTZBPtMltWOlZTQSLT07jIaFNeM8TWoJD1cQMgDB9mcMlVMoetiB35OzNJpqQ2b+QEtwiR9f20mADg==}
    engines: {node: '>=8'}

  '@tree-sitter-grammars/tree-sitter-markdown@https://codeload.github.com/tree-sitter-grammars/tree-sitter-markdown/tar.gz/192407ab5a24bfc24f13332979b5e7967518754a':
    resolution: {tarball: https://codeload.github.com/tree-sitter-grammars/tree-sitter-markdown/tar.gz/192407ab5a24bfc24f13332979b5e7967518754a}
    version: 0.4.0
    peerDependencies:
      tree-sitter: ^0.21.1
      tree_sitter: '*'
    peerDependenciesMeta:
      tree_sitter:
        optional: true

  '@tree-sitter-grammars/tree-sitter-xml@https://codeload.github.com/tree-sitter-grammars/tree-sitter-xml/tar.gz/648183d86f6f8ffb240ea11b4c6873f6f45d8b67':
    resolution: {tarball: https://codeload.github.com/tree-sitter-grammars/tree-sitter-xml/tar.gz/648183d86f6f8ffb240ea11b4c6873f6f45d8b67}
    version: 0.6.3
    peerDependencies:
      tree-sitter: ^0.21.1
      tree_sitter: '*'
    peerDependenciesMeta:
      tree_sitter:
        optional: true

  '@tree-sitter-grammars/tree-sitter-yaml@https://codeload.github.com/tree-sitter-grammars/tree-sitter-yaml/tar.gz/7b03feefd36b5f155465ca736c6304aca983b267':
    resolution: {tarball: https://codeload.github.com/tree-sitter-grammars/tree-sitter-yaml/tar.gz/7b03feefd36b5f155465ca736c6304aca983b267}
    version: 0.6.1
    peerDependencies:
      tree-sitter: ^0.21.1
      tree_sitter: '*'
    peerDependenciesMeta:
      tree_sitter:
        optional: true

  '@tsconfig/node10@1.0.11':
    resolution: {integrity: sha512-DcRjDCujK/kCk/cUe8Xz8ZSpm8mS3mNNpta+jGCA6USEDfktlNvm1+IuZ9eTcDbNk41BHwpHHeW+N1lKCz4zOw==}

  '@tsconfig/node12@1.0.11':
    resolution: {integrity: sha512-cqefuRsh12pWyGsIoBKJA9luFu3mRxCA+ORZvA4ktLSzIuCUtWVxGIuXigEwO5/ywWFMZ2QEGKWvkZG1zDMTag==}

  '@tsconfig/node14@1.0.3':
    resolution: {integrity: sha512-ysT8mhdixWK6Hw3i1V2AeRqZ5WfXg1G43mqoYlM2nc6388Fq5jcXyr5mRsqViLx/GJYdoL0bfXD8nmF+Zn/Iow==}

  '@tsconfig/node16@1.0.4':
    resolution: {integrity: sha512-vxhUy4J8lyeyinH7Azl1pdd43GJhZH/tP2weN8TntQblOY+A0XbT8DJk1/oCPuOOyg/Ja757rG0CgHcWC8OfMA==}

  '@types/find-root@1.1.4':
    resolution: {integrity: sha512-2EXK/+gVhVgtt4JqThbEncORvpYJKzi9tQGmI3EkU2jTgMzQsrPm/hbd5xe5uPdeFzIW5gh2PRvvPjaUsI8vpg==}

  '@types/node@20.17.12':
    resolution: {integrity: sha512-vo/wmBgMIiEA23A/knMfn/cf37VnuF52nZh5ZoW0GWt4e4sxNquibrMRJ7UQsA06+MBx9r/H1jsI9grYjQCQlw==}

  acorn-walk@8.3.4:
    resolution: {integrity: sha512-ueEepnujpqee2o5aIYnvHU6C0A42MNdsIDeqy5BydrkuC5R1ZuUFnm27EeFJGoEHJQgn3uleRvmTXaJgfXbt4g==}
    engines: {node: '>=0.4.0'}

  acorn@8.14.0:
    resolution: {integrity: sha512-cl669nCJTZBsL97OF4kUQm5g5hC2uihk0NxY3WENAC0TYdILVkAyHymAntgxGkl7K+t0cXIrH5siy5S4XkFycA==}
    engines: {node: '>=0.4.0'}
    hasBin: true

  arg@4.1.3:
    resolution: {integrity: sha512-58S9QDqG0Xx27YwPSt9fJxivjYl432YCwfDMfZ+71RAqUrZef7LrKQZ3LHLOwCS4FLNBplP533Zx895SeOCHvA==}

  base64-js@1.5.1:
    resolution: {integrity: sha512-AKpaYlHn8t4SVbOHCy+b5+KKgvR4vrsD8vbvrbiQJps7fKDTkjkDry6ji0rUJjC0kzbNePLwzxq8iypo41qeWA==}

  bl@4.1.0:
    resolution: {integrity: sha512-1W07cM9gS6DcLperZfFSj+bWLtaPGSOHWhPiGzXmvVJbRLdG82sH/Kn8EtW1VqWVA54AKf2h5k5BbnIbwF3h6w==}

  buffer@5.7.1:
    resolution: {integrity: sha512-EHcyIPBQ4BSGlvjB16k5KgAJ27CIsHY/2JBmCRReo48y9rQ3MaUzWX3KVlBa4U7MyX02HdVj0K7C3WaB3ju7FQ==}

  chownr@1.1.4:
    resolution: {integrity: sha512-jJ0bqzaylmJtVnNgzTeSOs8DPavpbYgEr/b0YL8/2GO3xJEhInFmhKMUnEJQjZumK7KXGFhUy89PrsJWlakBVg==}

  create-require@1.1.1:
    resolution: {integrity: sha512-dcKFX3jn0MpIaXjisoRvexIJVEKzaq7z2rZKxf+MSr9TkdmHmsU4m2lcLojrj/FHl8mk5VxMmYA+ftRkP/3oKQ==}

  decompress-response@6.0.0:
    resolution: {integrity: sha512-aW35yZM6Bb/4oJlZncMH2LCoZtJXTRxES17vE3hoRiowU2kWHaJKFkSBDnDR+cm9J+9QhXmREyIfv0pji9ejCQ==}
    engines: {node: '>=10'}

  deep-extend@0.6.0:
    resolution: {integrity: sha512-LOHxIOaPYdHlJRtCQfDIVZtfw/ufM8+rVj649RIHzcm/vGwQRXFt6OPqIFWsm2XEMrNIEtWR64sY1LEKD2vAOA==}
    engines: {node: '>=4.0.0'}

  detect-libc@2.0.3:
    resolution: {integrity: sha512-bwy0MGW55bG41VqxxypOsdSdGqLwXPI/focwgTYCFMbdUiBAxLg9CFzG08sz2aqzknwiX7Hkl0bQENjg8iLByw==}
    engines: {node: '>=8'}

  diff@4.0.2:
    resolution: {integrity: sha512-58lmxKSA4BNyLz+HHMUzlOEpg09FV+ev6ZMe3vJihgdxzgcwZ8VoEEPmALCZG9LmqfVoNMMKpttIYTVG6uDY7A==}
    engines: {node: '>=0.3.1'}

  end-of-stream@1.4.4:
    resolution: {integrity: sha512-+uw1inIHVPQoaVuHzRyXd21icM+cnt4CzD5rW+NC1wjOUSTOs+Te7FOv7AhN7vS9x/oIyhLP5PR1H+phQAHu5Q==}

  expand-template@2.0.3:
    resolution: {integrity: sha512-XYfuKMvj4O35f/pOXLObndIRvyQ+/+6AhODh+OKWj9S9498pHHn/IMszH+gt0fBCRWMNfk1ZSp5x3AifmnI2vg==}
    engines: {node: '>=6'}

  find-root@1.1.0:
    resolution: {integrity: sha512-NKfW6bec6GfKc0SGx1e07QZY9PE99u0Bft/0rzSD5k3sO/vwkVUpDUKVm5Gpp5Ue3YfShPFTX2070tDs5kB9Ng==}

  fs-constants@1.0.0:
    resolution: {integrity: sha512-y6OAwoSIf7FyjMIv94u+b5rdheZEjzR63GTyZJm5qh4Bi+2YgwLCcI/fPFZkL5PSixOt6ZNKm+w+Hfp/Bciwow==}

  github-from-package@0.0.0:
    resolution: {integrity: sha512-SyHy3T1v2NUXn29OsWdxmK6RwHD+vkj3v8en8AOBZ1wBQ/hCAQ5bAQTD02kW4W9tUp/3Qh6J8r9EvntiyCmOOw==}

  ieee754@1.2.1:
    resolution: {integrity: sha512-dcyqhDvX1C46lXZcVqCpK+FtMRQVdIMN6/Df5js2zouUsqG7I6sFxitIC+7KYK29KdXOLHdu9zL4sFnoVQnqaA==}

  inherits@2.0.4:
    resolution: {integrity: sha512-k/vGaX4/Yla3WzyMCvTQOXYeIHvqOKtnqBduzTHpzpQZzAskKMhZ2K+EnBiSM9zGSoIFeMpXKxa4dYeZIQqewQ==}

  ini@1.3.8:
    resolution: {integrity: sha512-JV/yugV2uzW5iMRSiZAyDtQd+nxtUnjeLt0acNdw98kKLrvuRVyB80tsREOE7yvGVgalhZ6RNXCmEHkUKBKxew==}

  isexe@2.0.0:
    resolution: {integrity: sha512-RHxMLp9lnKHGHRng9QFhRCMbYAcVpn69smSGcq3f36xjgVVWThj4qqLbTLlq7Ssj8B+fIQ1EuCEGI2lKsyQeIw==}

  make-error@1.3.6:
    resolution: {integrity: sha512-s8UhlNe7vPKomQhC1qFelMokr/Sc3AgNbso3n74mVPA5LTZwkB9NlXf4XPamLxJE8h0gh73rM94xvwRT2CVInw==}

  mimic-response@3.1.0:
    resolution: {integrity: sha512-z0yWI+4FDrrweS8Zmt4Ej5HdJmky15+L2e6Wgn3+iK5fWzb6T3fhNFq2+MeTRb064c6Wr4N/wv0DzQTjNzHNGQ==}
    engines: {node: '>=10'}

  minimist@1.2.8:
    resolution: {integrity: sha512-2yyAR8qBkN3YuheJanUpWC5U3bb5osDywNB8RzDVlDwDHbocAJveqqj1u8+SVD7jkWT4yvsHCpWqqWqAxb0zCA==}

  mkdirp-classic@0.5.3:
    resolution: {integrity: sha512-gKLcREMhtuZRwRAfqP3RFW+TK4JqApVBtOIftVgjuABpAtpxhPGaDcfvbhNvD0B8iD1oUr/txX35NjcaY6Ns/A==}

  nan@2.22.0:
    resolution: {integrity: sha512-nbajikzWTMwsW+eSsNm3QwlOs7het9gGJU5dDZzRTQGk03vyBOauxgI4VakDzE0PtsGTmXPsXTbbjVhRwR5mpw==}

  napi-build-utils@2.0.0:
    resolution: {integrity: sha512-GEbrYkbfF7MoNaoh2iGG84Mnf/WZfB0GdGEsM8wz7Expx/LlWf5U8t9nvJKXSp3qr5IsEbK04cBGhol/KwOsWA==}

  node-abi@3.74.0:
    resolution: {integrity: sha512-c5XK0MjkGBrQPGYG24GBADZud0NCbznxNx0ZkS+ebUTrmV1qTDxPxSL8zEAPURXSbLRWVexxmP4986BziahL5w==}
    engines: {node: '>=10'}

  node-addon-api@7.1.1:
    resolution: {integrity: sha512-5m3bsyrjFWE1xf7nz7YXdN4udnVtXK6/Yfgn5qnahL6bCkf2yKt4k3nuTKAtT4r3IG8JNR2ncsIMdZuAzJjHQQ==}

  node-addon-api@8.0.0:
    resolution: {integrity: sha512-ipO7rsHEBqa9STO5C5T10fj732ml+5kLN1cAG8/jdHd56ldQeGj3Q7+scUS+VHK/qy1zLEwC4wMK5+yM0btPvw==}
    engines: {node: ^18 || ^20 || >= 21}

  node-addon-api@8.3.0:
    resolution: {integrity: sha512-8VOpLHFrOQlAH+qA0ZzuGRlALRA6/LVh8QJldbrC4DY0hXoMP0l4Acq8TzFC018HztWiRqyCEj2aTWY2UvnJUg==}
    engines: {node: ^18 || ^20 || >= 21}

  node-gyp-build@4.8.4:
    resolution: {integrity: sha512-LA4ZjwlnUblHVgq0oBF3Jl/6h/Nvs5fzBLwdEF4nuxnFdsfajde4WfxtJr3CaiH+F6ewcIB/q4jQ4UzPyid+CQ==}
    hasBin: true

  once@1.4.0:
    resolution: {integrity: sha512-lNaJgI+2Q5URQBkccEKHTQOPaXdUxnZZElQTZY0MFUAuaEqe1E+Nyvgdz/aIyNi6Z9MzO5dv1H8n58/GELp3+w==}

  prebuild-install@7.1.3:
    resolution: {integrity: sha512-8Mf2cbV7x1cXPUILADGI3wuhfqWvtiLA1iclTDbFRZkgRQS0NqsPZphna9V+HyTEadheuPmjaJMsbzKQFOzLug==}
    engines: {node: '>=10'}
    hasBin: true

  pump@3.0.2:
    resolution: {integrity: sha512-tUPXtzlGM8FE3P0ZL6DVs/3P58k9nk8/jZeQCurTJylQA8qFYzHFfhBJkuqyE0FifOsQ0uKWekiZ5g8wtr28cw==}

  rc@1.2.8:
    resolution: {integrity: sha512-y3bGgqKj3QBdxLbLkomlohkvsA8gdAiUQlSBJnBhfn+BPxg4bc62d8TcBW15wavDfgexCgccckhcZvywyQYPOw==}
    hasBin: true

  readable-stream@3.6.2:
    resolution: {integrity: sha512-9u/sniCrY3D5WdsERHzHE4G2YCXqoG5FTHUiCC4SIbr6XcLZBY05ya9EKjYek9O5xOAwjGq+1JdGBAS7Q9ScoA==}
    engines: {node: '>= 6'}

  safe-buffer@5.2.1:
    resolution: {integrity: sha512-rp3So07KcdmmKbGvgaNxQSJr7bGVSVk5S9Eq1F+ppbRo70+YeaDxkw5Dd8NPN+GD6bjnYm2VuPuCXmpuYvmCXQ==}

  semver@7.7.1:
    resolution: {integrity: sha512-hlq8tAfn0m/61p4BVRcPzIGr6LKiMwo4VM6dGi6pt4qcRkmNzTcWq6eCEjEh+qXjkMDvPlOFFSGwQjoEa6gyMA==}
    engines: {node: '>=10'}
    hasBin: true

  simple-concat@1.0.1:
    resolution: {integrity: sha512-cSFtAPtRhljv69IK0hTVZQ+OfE9nePi/rtJmw5UjHeVyVroEqJXP1sFztKUy1qU+xvz3u/sfYJLa947b7nAN2Q==}

  simple-get@4.0.1:
    resolution: {integrity: sha512-brv7p5WgH0jmQJr1ZDDfKDOSeWWg+OVypG99A/5vYGPqJ6pxiaHLy8nxtFjBA7oMa01ebA9gfh1uMCFqOuXxvA==}

  string_decoder@1.3.0:
    resolution: {integrity: sha512-hkRX8U1WjJFd8LsDJ2yQ/wWWxaopEsABU1XfkM8A+j0+85JAGppt16cr1Whg6KIbb4okU6Mql6BOj+uup/wKeA==}

  strip-json-comments@2.0.1:
    resolution: {integrity: sha512-4gB8na07fecVVkOI6Rs4e7T6NOTki5EmL7TUduTs6bu3EdnSycntVJ4re8kgZA+wx9IueI2Y11bfbgwtzuE0KQ==}
    engines: {node: '>=0.10.0'}

  tar-fs@2.1.2:
    resolution: {integrity: sha512-EsaAXwxmx8UB7FRKqeozqEPop69DXcmYwTQwXvyAPF352HJsPdkVhvTaDPYqfNgruveJIJy3TA2l+2zj8LJIJA==}

  tar-stream@2.2.0:
    resolution: {integrity: sha512-ujeqbceABgwMZxEJnk2HDY2DlnUZ+9oEcb1KzTVfYHio0UE6dG71n60d8D2I4qNvleWrrXpmjpt7vZeF1LnMZQ==}
    engines: {node: '>=6'}

  tree-sitter-agda@https://codeload.github.com/tree-sitter/tree-sitter-agda/tar.gz/47802091de0cb8ac2533d67ac37e65692c5902c4:
    resolution: {tarball: https://codeload.github.com/tree-sitter/tree-sitter-agda/tar.gz/47802091de0cb8ac2533d67ac37e65692c5902c4}
    version: 1.3.3
    peerDependencies:
      tree-sitter: ^0.21.1
    peerDependenciesMeta:
      tree-sitter:
        optional: true

  tree-sitter-bash@https://codeload.github.com/tree-sitter/tree-sitter-bash/tar.gz/2fbd860f802802ca76a6661ce025b3a3bca2d3ed:
    resolution: {tarball: https://codeload.github.com/tree-sitter/tree-sitter-bash/tar.gz/2fbd860f802802ca76a6661ce025b3a3bca2d3ed}
    version: 0.21.0
    peerDependencies:
      tree-sitter: ^0.21.1
      tree_sitter: '*'
    peerDependenciesMeta:
      tree_sitter:
        optional: true

  tree-sitter-c-sharp@0.19.0:
    resolution: {integrity: sha512-Y2T7lisxbJHYg44hxE8XQPFpJLUE5jZSfKO4jyOuNLFS0wpN1wux6SucU4aWTkTfyaiyGWZ10GvEIQ++ZDAVTQ==}

  tree-sitter-c@https://codeload.github.com/tree-sitter/tree-sitter-c/tar.gz/deca017a554045b4c203e7ddff39ae64ff05e071:
    resolution: {tarball: https://codeload.github.com/tree-sitter/tree-sitter-c/tar.gz/deca017a554045b4c203e7ddff39ae64ff05e071}
    version: 0.21.4
    peerDependencies:
      tree-sitter: ^0.21.0
      tree_sitter: '*'
    peerDependenciesMeta:
      tree_sitter:
        optional: true

  tree-sitter-cli@0.20.6:
    resolution: {integrity: sha512-tjbAeuGSMhco/EnsThjWkQbDIYMDmdkWsTPsa/NJAW7bjaki9P7oM9TkLxfdlnm4LXd1wR5wVSM2/RTLtZbm6A==}
    hasBin: true

  tree-sitter-cli@0.20.8:
    resolution: {integrity: sha512-XjTcS3wdTy/2cc/ptMLc/WRyOLECRYcMTrSWyhZnj1oGSOWbHLTklgsgRICU3cPfb0vy+oZCC33M43u6R1HSCA==}
    hasBin: true

  tree-sitter-cli@0.24.7:
    resolution: {integrity: sha512-o4gnE82pVmMMhJbWwD6+I9yr4lXii5Ci5qEQ2pFpUbVy1YiD8cizTJaqdcznA0qEbo7l2OneI1GocChPrI4YGQ==}
    engines: {node: '>=12.0.0'}
    hasBin: true

  tree-sitter-clojure@https://codeload.github.com/sogaiu/tree-sitter-clojure/tar.gz/f4236d4da8aa92bc105d9c118746474c608e6af7:
    resolution: {tarball: https://codeload.github.com/sogaiu/tree-sitter-clojure/tar.gz/f4236d4da8aa92bc105d9c118746474c608e6af7}
    version: 0.0.13

  tree-sitter-cpp@https://codeload.github.com/tree-sitter/tree-sitter-cpp/tar.gz/9d412ba7e597fe158f209da33e60f31b1f0df967:
    resolution: {tarball: https://codeload.github.com/tree-sitter/tree-sitter-cpp/tar.gz/9d412ba7e597fe158f209da33e60f31b1f0df967}
    version: 0.22.2
    peerDependencies:
      tree-sitter: ^0.21.1
      tree_sitter: '*'
    peerDependenciesMeta:
      tree_sitter:
        optional: true

  tree-sitter-css@0.19.0:
    resolution: {integrity: sha512-LYCHS1V2bzeNJr8Mgh60H06qB8NNJyRJVgW1gKCEjcm5S48d8H9xOnrzIlsyLHaXFfnGWCrHJ6jxN6G3s5fJTA==}

  tree-sitter-dart@https://codeload.github.com/UserNobody14/tree-sitter-dart/tar.gz/9ac03bb2154316624fb4c41fe0f372a5f1597b43:
    resolution: {tarball: https://codeload.github.com/UserNobody14/tree-sitter-dart/tar.gz/9ac03bb2154316624fb4c41fe0f372a5f1597b43}
    version: 1.0.0
    peerDependencies:
      tree-sitter: ^0.21.0
      tree_sitter: '*'
    peerDependenciesMeta:
      tree_sitter:
        optional: true

  tree-sitter-elixir@https://codeload.github.com/elixir-lang/tree-sitter-elixir/tar.gz/02a6f7fd4be28dd94ee4dd2ca19cb777053ea74e:
    resolution: {tarball: https://codeload.github.com/elixir-lang/tree-sitter-elixir/tar.gz/02a6f7fd4be28dd94ee4dd2ca19cb777053ea74e}
    version: 0.3.3
    peerDependencies:
      tree-sitter: ^0.21.0

  tree-sitter-gleam@https://codeload.github.com/gleam-lang/tree-sitter-gleam/tar.gz/2012f294baacf30e7a62414754021284377366c6:
    resolution: {tarball: https://codeload.github.com/gleam-lang/tree-sitter-gleam/tar.gz/2012f294baacf30e7a62414754021284377366c6}
    version: 1.0.0

  tree-sitter-go@https://codeload.github.com/tree-sitter/tree-sitter-go/tar.gz/bbaa67a180cfe0c943e50c55130918be8efb20bd:
    resolution: {tarball: https://codeload.github.com/tree-sitter/tree-sitter-go/tar.gz/bbaa67a180cfe0c943e50c55130918be8efb20bd}
    version: 0.20.0

  tree-sitter-haskell@https://codeload.github.com/tree-sitter/tree-sitter-haskell/tar.gz/a50070d5bb5bd5c1281740a6102ecf1f4b0c4f19:
    resolution: {tarball: https://codeload.github.com/tree-sitter/tree-sitter-haskell/tar.gz/a50070d5bb5bd5c1281740a6102ecf1f4b0c4f19}
    version: 0.21.0
    peerDependencies:
      tree-sitter: ^0.21.0
      tree_sitter: '*'
    peerDependenciesMeta:
      tree_sitter:
        optional: true

  tree-sitter-hcl@https://codeload.github.com/tree-sitter-grammars/tree-sitter-hcl/tar.gz/e135399cb31b95fac0760b094556d1d5ce84acf0:
    resolution: {tarball: https://codeload.github.com/tree-sitter-grammars/tree-sitter-hcl/tar.gz/e135399cb31b95fac0760b094556d1d5ce84acf0}
    version: 0.2.0-snapshot

  tree-sitter-html@https://codeload.github.com/tree-sitter/tree-sitter-html/tar.gz/e4d834eb4918df01dcad5c27d1b15d56e3bd94cd:
    resolution: {tarball: https://codeload.github.com/tree-sitter/tree-sitter-html/tar.gz/e4d834eb4918df01dcad5c27d1b15d56e3bd94cd}
    version: 0.20.3
    peerDependencies:
      tree-sitter: ^0.21.1
      tree_sitter: '*'
    peerDependenciesMeta:
      tree_sitter:
        optional: true

  tree-sitter-java@https://codeload.github.com/tree-sitter/tree-sitter-java/tar.gz/ac14b4b1884102839455d32543ab6d53ae089ab7:
    resolution: {tarball: https://codeload.github.com/tree-sitter/tree-sitter-java/tar.gz/ac14b4b1884102839455d32543ab6d53ae089ab7}
    version: 0.19.1

  tree-sitter-javascript@https://codeload.github.com/tree-sitter/tree-sitter-javascript/tar.gz/391a8fcc48a11f63bf18ec9885f6f069e760949a:
    resolution: {tarball: https://codeload.github.com/tree-sitter/tree-sitter-javascript/tar.gz/391a8fcc48a11f63bf18ec9885f6f069e760949a}
    version: 0.21.3
    peerDependencies:
      tree-sitter: ^0.21.1
      tree_sitter: '*'
    peerDependenciesMeta:
      tree_sitter:
        optional: true

  tree-sitter-json@https://codeload.github.com/tree-sitter/tree-sitter-json/tar.gz/94f5c527b2965465956c2000ed6134dd24daf2a7:
    resolution: {tarball: https://codeload.github.com/tree-sitter/tree-sitter-json/tar.gz/94f5c527b2965465956c2000ed6134dd24daf2a7}
    version: 0.21.0
    peerDependencies:
      tree-sitter: ^0.21.0
      tree_sitter: '*'
    peerDependenciesMeta:
      tree_sitter:
        optional: true

  tree-sitter-kotlin@https://codeload.github.com/fwcd/tree-sitter-kotlin/tar.gz/76f53c48d29e8588934fb55b0240d7bdfe00bfe5:
    resolution: {tarball: https://codeload.github.com/fwcd/tree-sitter-kotlin/tar.gz/76f53c48d29e8588934fb55b0240d7bdfe00bfe5}
    version: 0.3.9
    peerDependencies:
      tree-sitter: ^0.21.0
      tree_sitter: '*'
    peerDependenciesMeta:
      tree_sitter:
        optional: true

  tree-sitter-nix@https://codeload.github.com/nix-community/tree-sitter-nix/tar.gz/66e3e9ce9180ae08fc57372061006ef83f0abde7:
    resolution: {tarball: https://codeload.github.com/nix-community/tree-sitter-nix/tar.gz/66e3e9ce9180ae08fc57372061006ef83f0abde7}
    version: 0.0.2

  tree-sitter-php@https://codeload.github.com/tree-sitter/tree-sitter-php/tar.gz/f7cf7348737d8cff1b13407a0bfedce02ee7b046:
    resolution: {tarball: https://codeload.github.com/tree-sitter/tree-sitter-php/tar.gz/f7cf7348737d8cff1b13407a0bfedce02ee7b046}
    version: 0.23.12
    peerDependencies:
      tree-sitter: ^0.21.1
    peerDependenciesMeta:
      tree-sitter:
        optional: true

  tree-sitter-python@https://codeload.github.com/tree-sitter/tree-sitter-python/tar.gz/71778c2a472ed00a64abf4219544edbf8e4b86d7:
    resolution: {tarball: https://codeload.github.com/tree-sitter/tree-sitter-python/tar.gz/71778c2a472ed00a64abf4219544edbf8e4b86d7}
    version: 0.21.0
    peerDependencies:
      tree-sitter: ^0.21.0
      tree_sitter: '*'
    peerDependenciesMeta:
      tree_sitter:
        optional: true

  tree-sitter-query@https://codeload.github.com/tree-sitter-grammars/tree-sitter-query/tar.gz/930202c2a80965a7a9ca018b5b2a08b25dfa7f12:
    resolution: {tarball: https://codeload.github.com/tree-sitter-grammars/tree-sitter-query/tar.gz/930202c2a80965a7a9ca018b5b2a08b25dfa7f12}
    version: 0.5.1
    peerDependencies:
      tree-sitter: ^0.21.1

  tree-sitter-ruby@https://codeload.github.com/tree-sitter/tree-sitter-ruby/tar.gz/dc2d7d6b50f9975bc3c35bbec0ba11b2617b736b:
    resolution: {tarball: https://codeload.github.com/tree-sitter/tree-sitter-ruby/tar.gz/dc2d7d6b50f9975bc3c35bbec0ba11b2617b736b}
    version: 0.21.0
    peerDependencies:
      tree-sitter: ^0.21.0
      tree_sitter: '*'
    peerDependenciesMeta:
      tree_sitter:
        optional: true

  tree-sitter-rust@https://codeload.github.com/tree-sitter/tree-sitter-rust/tar.gz/36ae187ed6dd3803a8a89dbb54f3124c8ee74662:
    resolution: {tarball: https://codeload.github.com/tree-sitter/tree-sitter-rust/tar.gz/36ae187ed6dd3803a8a89dbb54f3124c8ee74662}
    version: 0.20.1

  tree-sitter-scala@0.23.4:
    resolution: {integrity: sha512-bNUt7ccJVNRXbPno79XEdbECmO8RabVMUgki4oYmndbvOGKqVWTAjaw2lJRENX0NR5tbMPoSfeoX0uJV/15NrA==}
    peerDependencies:
      tree-sitter: ^0.21.1
    peerDependenciesMeta:
      tree-sitter:
        optional: true

  tree-sitter-scss@https://codeload.github.com/serenadeai/tree-sitter-scss/tar.gz/c478c6868648eff49eb04a4df90d703dc45b312a:
    resolution: {tarball: https://codeload.github.com/serenadeai/tree-sitter-scss/tar.gz/c478c6868648eff49eb04a4df90d703dc45b312a}
    version: 0.0.1

  tree-sitter-sparql@0.1.0:
    resolution: {integrity: sha512-qtNTPef7zCyrmxuhpI8dtppzEYR2A6XtyPUqJeqTr2soZLLqUacWXezkFFhMNrvyMUknN9Fgua9EEpt1/lG/Zw==}

  tree-sitter-swift@https://codeload.github.com/alex-pinkus/tree-sitter-swift/tar.gz/7e4ccc97a25315022a70b730085deccd5680a39b:
    resolution: {tarball: https://codeload.github.com/alex-pinkus/tree-sitter-swift/tar.gz/7e4ccc97a25315022a70b730085deccd5680a39b}
    version: 0.3.6

  tree-sitter-talon@https://codeload.github.com/pokey/tree-sitter-talon/tar.gz/f69923ea2490530babe105f0a36434e4a23e127e:
    resolution: {tarball: https://codeload.github.com/pokey/tree-sitter-talon/tar.gz/f69923ea2490530babe105f0a36434e4a23e127e}
    version: 4.0.0
    peerDependencies:
      tree-sitter: ^0.21.1

  tree-sitter-typescript@https://codeload.github.com/tree-sitter/tree-sitter-typescript/tar.gz/4ad3010c91d700026d036b5230e2d99ba94ae8a4:
    resolution: {tarball: https://codeload.github.com/tree-sitter/tree-sitter-typescript/tar.gz/4ad3010c91d700026d036b5230e2d99ba94ae8a4}
    version: 0.21.1
    peerDependencies:
      tree-sitter: ^0.21.0
      tree_sitter: '*'
    peerDependenciesMeta:
      tree_sitter:
        optional: true

  tree-sitter@0.21.1:
    resolution: {integrity: sha512-7dxoA6kYvtgWw80265MyqJlkRl4yawIjO7S5MigytjELkX43fV2WsAXzsNfO7sBpPPCF5Gp0+XzHk0DwLCq3xQ==}

  ts-node@10.9.2:
    resolution: {integrity: sha512-f0FFpIdcHgn8zcPSbf1dRevwt047YMnaiJM3u2w2RewrB+fob/zePZcrOyQoLMMO7aBIddLcQIEK5dYjkLnGrQ==}
    hasBin: true
    peerDependencies:
      '@swc/core': '>=1.2.50'
      '@swc/wasm': '>=1.2.50'
      '@types/node': '*'
      typescript: '>=2.7'
    peerDependenciesMeta:
      '@swc/core':
        optional: true
      '@swc/wasm':
        optional: true

  tunnel-agent@0.6.0:
    resolution: {integrity: sha512-McnNiV1l8RYeY8tBgEpuodCC1mLUdbSN+CYBL7kJsJNInOP8UjDDEwdk6Mw60vdLLrr5NHKZhMAOSrR2NZuQ+w==}

  typescript@5.7.3:
    resolution: {integrity: sha512-84MVSjMEHP+FQRPy3pX9sTVV/INIex71s9TL2Gm5FG/WG1SqXeKyZ0k7/blY/4FdOzI12CBy1vGc4og/eus0fw==}
    engines: {node: '>=14.17'}
    hasBin: true

  undici-types@6.19.8:
    resolution: {integrity: sha512-ve2KP6f/JnbPBFyobGHuerC9g1FYGn/F8n1LWTwNxCEzd6IfqTwUQcNXgEtmmQ6DlRrC1hrSrBnCZPokRrDHjw==}

  util-deprecate@1.0.2:
    resolution: {integrity: sha512-EPD5q1uXyFxJpCrLnCc1nHnq3gOa6DZBocAIiI2TaSCA7VCJ1UJDMagCzIkXNsUYfD1daK//LTEQ8xiIbrHtcw==}

  v8-compile-cache-lib@3.0.1:
    resolution: {integrity: sha512-wa7YjyUGfNZngI/vtK0UHAN+lgDCxBPCylVXGp0zu59Fz5aiGtNXaq3DhIov063MorB+VfufLh3JlF2KdTK3xg==}

  which@2.0.2:
    resolution: {integrity: sha512-BLI3Tl1TW3Pvl70l3yq3Y64i+awpwXqsGBYWkkqMtnbXgrMD+yj7rhW0kuEDxzJaYXGjEW5ogapKNMEKNMjibA==}
    engines: {node: '>= 8'}
    hasBin: true

  wrappy@1.0.2:
    resolution: {integrity: sha512-l4Sp/DRseor9wL6EvV2+TuQn63dMkPjZ/sp9XkghTEbV9KlPS1xUsZ3u7/IQO4wxtcFB4bgpQPRcR3QCvezPcQ==}

  yn@3.1.1:
    resolution: {integrity: sha512-Ux4ygGWsu2c7isFWe8Yu1YluJmqVhxqK2cLXNQA5AcC3QfbGNpM7fu0Y8b/z16pXLnFxZYvWhd3fhBY9DLmC6Q==}
    engines: {node: '>=6'}

snapshots:

  '@cspotcode/source-map-support@0.8.1':
    dependencies:
      '@jridgewell/trace-mapping': 0.3.9

  '@elm-tooling/tree-sitter-elm@5.7.0':
    dependencies:
      nan: 2.22.0

  '@ganezdragon/tree-sitter-perl@https://codeload.github.com/ganezdragon/tree-sitter-perl/tar.gz/8d48b29910d2094cb1fc5c9c4ed8917c26b907de(tree-sitter@0.21.1)':
    dependencies:
      node-addon-api: 7.1.1
      node-gyp-build: 4.8.4
      prebuild-install: 7.1.3
      tree-sitter: 0.21.1

  '@jridgewell/resolve-uri@3.1.2': {}

  '@jridgewell/sourcemap-codec@1.5.0': {}

  '@jridgewell/trace-mapping@0.3.9':
    dependencies:
      '@jridgewell/resolve-uri': 3.1.2
      '@jridgewell/sourcemap-codec': 1.5.0

  '@muniftanjim/tree-sitter-lua@https://codeload.github.com/tree-sitter-grammars/tree-sitter-lua/tar.gz/9668709211b2e683f27f414454a8b51bf0a6bda1':
    dependencies:
      nan: 2.22.0

  '@pfoerster/tree-sitter-latex@https://codeload.github.com/latex-lsp/tree-sitter-latex/tar.gz/a6c812704b3d3e1541b0853aa0d6d561301320e1':
    dependencies:
      nan: 2.22.0

  '@supercharge/promise-pool@3.2.0': {}

  '@tree-sitter-grammars/tree-sitter-markdown@https://codeload.github.com/tree-sitter-grammars/tree-sitter-markdown/tar.gz/192407ab5a24bfc24f13332979b5e7967518754a(tree-sitter@0.21.1)':
    dependencies:
      node-addon-api: 8.3.0
      node-gyp-build: 4.8.4
      tree-sitter: 0.21.1

  '@tree-sitter-grammars/tree-sitter-xml@https://codeload.github.com/tree-sitter-grammars/tree-sitter-xml/tar.gz/648183d86f6f8ffb240ea11b4c6873f6f45d8b67(tree-sitter@0.21.1)':
    dependencies:
      node-addon-api: 8.3.0
      node-gyp-build: 4.8.4
      tree-sitter: 0.21.1

  '@tree-sitter-grammars/tree-sitter-yaml@https://codeload.github.com/tree-sitter-grammars/tree-sitter-yaml/tar.gz/7b03feefd36b5f155465ca736c6304aca983b267(tree-sitter@0.21.1)':
    dependencies:
      node-addon-api: 8.3.0
      node-gyp-build: 4.8.4
      tree-sitter: 0.21.1

  '@tsconfig/node10@1.0.11': {}

  '@tsconfig/node12@1.0.11': {}

  '@tsconfig/node14@1.0.3': {}

  '@tsconfig/node16@1.0.4': {}

  '@types/find-root@1.1.4': {}

  '@types/node@20.17.12':
    dependencies:
      undici-types: 6.19.8

  acorn-walk@8.3.4:
    dependencies:
      acorn: 8.14.0

  acorn@8.14.0: {}

  arg@4.1.3: {}

  base64-js@1.5.1: {}

  bl@4.1.0:
    dependencies:
      buffer: 5.7.1
      inherits: 2.0.4
      readable-stream: 3.6.2

  buffer@5.7.1:
    dependencies:
      base64-js: 1.5.1
      ieee754: 1.2.1

  chownr@1.1.4: {}

  create-require@1.1.1: {}

  decompress-response@6.0.0:
    dependencies:
      mimic-response: 3.1.0

  deep-extend@0.6.0: {}

  detect-libc@2.0.3: {}

  diff@4.0.2: {}

  end-of-stream@1.4.4:
    dependencies:
      once: 1.4.0

  expand-template@2.0.3: {}

  find-root@1.1.0: {}

  fs-constants@1.0.0: {}

  github-from-package@0.0.0: {}

  ieee754@1.2.1: {}

  inherits@2.0.4: {}

  ini@1.3.8: {}

  isexe@2.0.0: {}

  make-error@1.3.6: {}

  mimic-response@3.1.0: {}

  minimist@1.2.8: {}

  mkdirp-classic@0.5.3: {}

  nan@2.22.0: {}

  napi-build-utils@2.0.0: {}

  node-abi@3.74.0:
    dependencies:
      semver: 7.7.1

  node-addon-api@7.1.1: {}

  node-addon-api@8.0.0: {}

  node-addon-api@8.3.0: {}

  node-gyp-build@4.8.4: {}

  once@1.4.0:
    dependencies:
      wrappy: 1.0.2

  prebuild-install@7.1.3:
    dependencies:
      detect-libc: 2.0.3
      expand-template: 2.0.3
      github-from-package: 0.0.0
      minimist: 1.2.8
      mkdirp-classic: 0.5.3
      napi-build-utils: 2.0.0
      node-abi: 3.74.0
      pump: 3.0.2
      rc: 1.2.8
      simple-get: 4.0.1
      tar-fs: 2.1.2
      tunnel-agent: 0.6.0

  pump@3.0.2:
    dependencies:
      end-of-stream: 1.4.4
      once: 1.4.0

  rc@1.2.8:
    dependencies:
      deep-extend: 0.6.0
      ini: 1.3.8
      minimist: 1.2.8
      strip-json-comments: 2.0.1

  readable-stream@3.6.2:
    dependencies:
      inherits: 2.0.4
      string_decoder: 1.3.0
      util-deprecate: 1.0.2

  safe-buffer@5.2.1: {}

  semver@7.7.1: {}

  simple-concat@1.0.1: {}

  simple-get@4.0.1:
    dependencies:
      decompress-response: 6.0.0
      once: 1.4.0
      simple-concat: 1.0.1

  string_decoder@1.3.0:
    dependencies:
      safe-buffer: 5.2.1

  strip-json-comments@2.0.1: {}

  tar-fs@2.1.2:
    dependencies:
      chownr: 1.1.4
      mkdirp-classic: 0.5.3
      pump: 3.0.2
      tar-stream: 2.2.0

  tar-stream@2.2.0:
    dependencies:
      bl: 4.1.0
      end-of-stream: 1.4.4
      fs-constants: 1.0.0
      inherits: 2.0.4
      readable-stream: 3.6.2

  tree-sitter-agda@https://codeload.github.com/tree-sitter/tree-sitter-agda/tar.gz/47802091de0cb8ac2533d67ac37e65692c5902c4(tree-sitter@0.21.1):
    dependencies:
      node-addon-api: 8.3.0
      node-gyp-build: 4.8.4
    optionalDependencies:
      tree-sitter: 0.21.1

  tree-sitter-bash@https://codeload.github.com/tree-sitter/tree-sitter-bash/tar.gz/2fbd860f802802ca76a6661ce025b3a3bca2d3ed(tree-sitter@0.21.1):
    dependencies:
      node-addon-api: 8.3.0
      node-gyp-build: 4.8.4
      tree-sitter: 0.21.1

  tree-sitter-c-sharp@0.19.0:
    dependencies:
      nan: 2.22.0

  tree-sitter-c@https://codeload.github.com/tree-sitter/tree-sitter-c/tar.gz/deca017a554045b4c203e7ddff39ae64ff05e071(tree-sitter@0.21.1):
    dependencies:
      node-addon-api: 8.3.0
      node-gyp-build: 4.8.4
      tree-sitter: 0.21.1

  tree-sitter-cli@0.20.6: {}

  tree-sitter-cli@0.20.8: {}

  tree-sitter-cli@0.24.7: {}

  tree-sitter-clojure@https://codeload.github.com/sogaiu/tree-sitter-clojure/tar.gz/f4236d4da8aa92bc105d9c118746474c608e6af7: {}

  tree-sitter-cpp@https://codeload.github.com/tree-sitter/tree-sitter-cpp/tar.gz/9d412ba7e597fe158f209da33e60f31b1f0df967(tree-sitter@0.21.1):
    dependencies:
      node-addon-api: 8.3.0
      node-gyp-build: 4.8.4
      tree-sitter: 0.21.1

  tree-sitter-css@0.19.0:
    dependencies:
      nan: 2.22.0

  tree-sitter-dart@https://codeload.github.com/UserNobody14/tree-sitter-dart/tar.gz/9ac03bb2154316624fb4c41fe0f372a5f1597b43(tree-sitter@0.21.1):
    dependencies:
      node-addon-api: 7.1.1
      node-gyp-build: 4.8.4
      tree-sitter: 0.21.1

  tree-sitter-elixir@https://codeload.github.com/elixir-lang/tree-sitter-elixir/tar.gz/02a6f7fd4be28dd94ee4dd2ca19cb777053ea74e(tree-sitter@0.21.1):
    dependencies:
      node-addon-api: 7.1.1
      node-gyp-build: 4.8.4
      tree-sitter: 0.21.1

  tree-sitter-gleam@https://codeload.github.com/gleam-lang/tree-sitter-gleam/tar.gz/2012f294baacf30e7a62414754021284377366c6:
    dependencies:
      nan: 2.22.0

  tree-sitter-go@https://codeload.github.com/tree-sitter/tree-sitter-go/tar.gz/bbaa67a180cfe0c943e50c55130918be8efb20bd:
    dependencies:
      nan: 2.22.0

  tree-sitter-haskell@https://codeload.github.com/tree-sitter/tree-sitter-haskell/tar.gz/a50070d5bb5bd5c1281740a6102ecf1f4b0c4f19(tree-sitter@0.21.1):
    dependencies:
      node-addon-api: 8.0.0
      node-gyp-build: 4.8.4
      tree-sitter: 0.21.1

  tree-sitter-hcl@https://codeload.github.com/tree-sitter-grammars/tree-sitter-hcl/tar.gz/e135399cb31b95fac0760b094556d1d5ce84acf0:
    dependencies:
      nan: 2.22.0
      tree-sitter-cli: 0.20.8

  tree-sitter-html@https://codeload.github.com/tree-sitter/tree-sitter-html/tar.gz/e4d834eb4918df01dcad5c27d1b15d56e3bd94cd(tree-sitter@0.21.1):
    dependencies:
      node-addon-api: 8.3.0
      node-gyp-build: 4.8.4
      tree-sitter: 0.21.1

  tree-sitter-java@https://codeload.github.com/tree-sitter/tree-sitter-java/tar.gz/ac14b4b1884102839455d32543ab6d53ae089ab7:
    dependencies:
      nan: 2.22.0

  tree-sitter-javascript@https://codeload.github.com/tree-sitter/tree-sitter-javascript/tar.gz/391a8fcc48a11f63bf18ec9885f6f069e760949a(tree-sitter@0.21.1):
    dependencies:
      node-addon-api: 8.3.0
      node-gyp-build: 4.8.4
      tree-sitter: 0.21.1

  tree-sitter-json@https://codeload.github.com/tree-sitter/tree-sitter-json/tar.gz/94f5c527b2965465956c2000ed6134dd24daf2a7(tree-sitter@0.21.1):
    dependencies:
      node-addon-api: 8.3.0
      node-gyp-build: 4.8.4
      tree-sitter: 0.21.1

  tree-sitter-kotlin@https://codeload.github.com/fwcd/tree-sitter-kotlin/tar.gz/76f53c48d29e8588934fb55b0240d7bdfe00bfe5(tree-sitter@0.21.1):
    dependencies:
      node-addon-api: 7.1.1
      node-gyp-build: 4.8.4
      tree-sitter: 0.21.1

  tree-sitter-nix@https://codeload.github.com/nix-community/tree-sitter-nix/tar.gz/66e3e9ce9180ae08fc57372061006ef83f0abde7:
    dependencies:
      nan: 2.22.0

  tree-sitter-php@https://codeload.github.com/tree-sitter/tree-sitter-php/tar.gz/f7cf7348737d8cff1b13407a0bfedce02ee7b046(tree-sitter@0.21.1):
    dependencies:
      node-addon-api: 8.3.0
      node-gyp-build: 4.8.4
    optionalDependencies:
      tree-sitter: 0.21.1

  tree-sitter-python@https://codeload.github.com/tree-sitter/tree-sitter-python/tar.gz/71778c2a472ed00a64abf4219544edbf8e4b86d7(tree-sitter@0.21.1):
    dependencies:
      node-addon-api: 7.1.1
      node-gyp-build: 4.8.4
      tree-sitter: 0.21.1

  tree-sitter-query@https://codeload.github.com/tree-sitter-grammars/tree-sitter-query/tar.gz/930202c2a80965a7a9ca018b5b2a08b25dfa7f12(tree-sitter@0.21.1):
    dependencies:
      node-addon-api: 8.3.0
      node-gyp-build: 4.8.4
      tree-sitter: 0.21.1

  tree-sitter-ruby@https://codeload.github.com/tree-sitter/tree-sitter-ruby/tar.gz/dc2d7d6b50f9975bc3c35bbec0ba11b2617b736b(tree-sitter@0.21.1):
    dependencies:
      node-addon-api: 8.3.0
      node-gyp-build: 4.8.4
      tree-sitter: 0.21.1

  tree-sitter-rust@https://codeload.github.com/tree-sitter/tree-sitter-rust/tar.gz/36ae187ed6dd3803a8a89dbb54f3124c8ee74662:
    dependencies:
      nan: 2.22.0

  tree-sitter-scala@0.23.4(tree-sitter@0.21.1):
    dependencies:
      node-addon-api: 8.3.0
      node-gyp-build: 4.8.4
    optionalDependencies:
      tree-sitter: 0.21.1

  tree-sitter-scss@https://codeload.github.com/serenadeai/tree-sitter-scss/tar.gz/c478c6868648eff49eb04a4df90d703dc45b312a:
    dependencies:
      nan: 2.22.0

  tree-sitter-sparql@0.1.0:
    dependencies:
      nan: 2.22.0

  tree-sitter-swift@https://codeload.github.com/alex-pinkus/tree-sitter-swift/tar.gz/7e4ccc97a25315022a70b730085deccd5680a39b:
    dependencies:
      nan: 2.22.0
      tree-sitter-cli: 0.20.6
      which: 2.0.2

  tree-sitter-talon@https://codeload.github.com/pokey/tree-sitter-talon/tar.gz/f69923ea2490530babe105f0a36434e4a23e127e(tree-sitter@0.21.1):
    dependencies:
      node-addon-api: 7.1.1
      node-gyp-build: 4.8.4
      tree-sitter: 0.21.1

  tree-sitter-typescript@https://codeload.github.com/tree-sitter/tree-sitter-typescript/tar.gz/4ad3010c91d700026d036b5230e2d99ba94ae8a4(tree-sitter@0.21.1):
    dependencies:
      node-addon-api: 8.3.0
      node-gyp-build: 4.8.4
      tree-sitter: 0.21.1

  tree-sitter@0.21.1:
    dependencies:
      node-addon-api: 8.3.0
      node-gyp-build: 4.8.4

  ts-node@10.9.2(@types/node@20.17.12)(typescript@5.7.3):
    dependencies:
      '@cspotcode/source-map-support': 0.8.1
      '@tsconfig/node10': 1.0.11
      '@tsconfig/node12': 1.0.11
      '@tsconfig/node14': 1.0.3
      '@tsconfig/node16': 1.0.4
      '@types/node': 20.17.12
      acorn: 8.14.0
      acorn-walk: 8.3.4
      arg: 4.1.3
      create-require: 1.1.1
      diff: 4.0.2
      make-error: 1.3.6
      typescript: 5.7.3
      v8-compile-cache-lib: 3.0.1
      yn: 3.1.1

  tunnel-agent@0.6.0:
    dependencies:
      safe-buffer: 5.2.1

  typescript@5.7.3: {}

  undici-types@6.19.8: {}

  util-deprecate@1.0.2: {}

  v8-compile-cache-lib@3.0.1: {}

  which@2.0.2:
    dependencies:
      isexe: 2.0.0

  wrappy@1.0.2: {}

  yn@3.1.1: {}
